{
  "name": "shiftapi",
  "lockfileVersion": 3,
  "requires": true,
  "packages": {
    "": {
      "devDependencies": {
        "turbo": "^2"
      },
      "engines": {
        "node": ">=22.0.0"
      }
    },
    "node_modules/.pnpm/turbo-darwin-arm64@2.8.9/node_modules/turbo-darwin-arm64": {
      "version": "2.8.9",
      "cpu": [
        "arm64"
      ],
      "dev": true,
      "license": "MIT",
      "optional": true,
      "os": [
        "darwin"
      ]
    },
    "node_modules/.pnpm/turbo@2.8.9": {
      "dev": true,
      "optional": true,
      "peer": true
    },
    "node_modules/.pnpm/turbo@2.8.9/node_modules/turbo": {
      "version": "2.8.9",
      "dev": true,
      "license": "MIT",
      "bin": {
        "turbo": "bin/turbo"
      },
      "optionalDependencies": {
        "turbo-darwin-64": "2.8.9",
        "turbo-darwin-arm64": "2.8.9",
        "turbo-linux-64": "2.8.9",
        "turbo-linux-arm64": "2.8.9",
        "turbo-windows-64": "2.8.9",
        "turbo-windows-arm64": "2.8.9"
      }
    },
    "node_modules/.pnpm/turbo@2.8.9/node_modules/turbo-darwin-arm64": {
      "resolved": "node_modules/.pnpm/turbo-darwin-arm64@2.8.9/node_modules/turbo-darwin-arm64",
      "link": true
    },
    "node_modules/turbo": {
      "resolved": "node_modules/.pnpm/turbo@2.8.9/node_modules/turbo",
      "link": true
    },
    "node_modules/turbo-darwin-64": {
      "version": "2.8.9",
      "resolved": "https://registry.npmjs.org/turbo-darwin-64/-/turbo-darwin-64-2.8.9.tgz",
      "integrity": "sha512-KnCw1ZI9KTnEAhdI9avZrnZ/z4wsM++flMA1w8s8PKOqi5daGpFV36qoPafg4S8TmYMe52JPWEoFr0L+lQ5JIw==",
      "cpu": [
        "x64"
      ],
      "dev": true,
      "license": "MIT",
      "optional": true,
      "os": [
        "darwin"
      ]
    },
    "node_modules/turbo-linux-64": {
      "version": "2.8.9",
      "resolved": "https://registry.npmjs.org/turbo-linux-64/-/turbo-linux-64-2.8.9.tgz",
      "integrity": "sha512-OXC9HdCtsHvyH+5KUoH8ds+p5WU13vdif0OPbsFzZca4cUXMwKA3HWwUuCgQetk0iAE4cscXpi/t8A263n3VTg==",
      "cpu": [
        "x64"
      ],
      "dev": true,
      "license": "MIT",
      "optional": true,
      "os": [
        "linux"
      ]
    },
    "node_modules/turbo-linux-arm64": {
      "version": "2.8.9",
      "resolved": "https://registry.npmjs.org/turbo-linux-arm64/-/turbo-linux-arm64-2.8.9.tgz",
      "integrity": "sha512-yI5n8jNXiFA6+CxnXG0gO7h5ZF1+19K8uO3/kXPQmyl37AdiA7ehKJQOvf9OPAnmkGDHcF2HSCPltabERNRmug==",
      "cpu": [
        "arm64"
      ],
      "dev": true,
      "license": "MIT",
      "optional": true,
      "os": [
        "linux"
      ]
    },
    "node_modules/turbo-windows-64": {
      "version": "2.8.9",
      "resolved": "https://registry.npmjs.org/turbo-windows-64/-/turbo-windows-64-2.8.9.tgz",
      "integrity": "sha512-/OztzeGftJAg258M/9vK2ZCkUKUzqrWXJIikiD2pm8TlqHcIYUmepDbyZSDfOiUjMy6NzrLFahpNLnY7b5vNgg==",
      "cpu": [
        "x64"
      ],
      "dev": true,
      "license": "MIT",
      "optional": true,
      "os": [
        "win32"
      ]
    },
    "node_modules/turbo-windows-arm64": {
      "version": "2.8.9",
      "resolved": "https://registry.npmjs.org/turbo-windows-arm64/-/turbo-windows-arm64-2.8.9.tgz",
      "integrity": "sha512-xZ2VTwVTjIqpFZKN4UBxDHCPM3oJ2J5cpRzCBSmRpJ/Pn33wpiYjs+9FB2E03svKaD04/lSSLlEUej0UYsugfg==",
      "cpu": [
        "arm64"
      ],
      "dev": true,
      "license": "MIT",
      "optional": true,
      "os": [
        "win32"
      ]
    }
  }
}
